
Microsoft Visual Studio Solution File, Format Version 12.00
# Visual Studio Version 16
VisualStudioVersion = 16.0.31112.23
MinimumVisualStudioVersion = 10.0.40219.1
Project("{FAE04EC0-301F-11D3-BF4B-00C04F79EFBC}") = "PSM_importer", "PSM_importer\PSM_importer.csproj", "{F1F88F80-01BA-4D22-8637-E5D99E2FF3AB}"
EndProject
Project("{FAE04EC0-301F-11D3-BF4B-00C04F79EFBC}") = "PSM-Library", "PSM-Library\PSM-Library.csproj", "{1F6D99F3-EFDF-4B59-93BA-25C41D8495C1}"
EndProject
Project("{9A19103F-16F7-4668-BE54-9A1E7A4F7556}") = "PSM GUI", "PSM GUI\PSM GUI.csproj", "{A93FA662-512B-4700-BF91-A1D1CC2F79D5}"
EndProject
Project("{FAE04EC0-301F-11D3-BF4B-00C04F79EFBC}") = "PSM Task GUi", "PSM Task GUi\PSM Task GUi.csproj", "{422E660F-1081-4B12-B469-D8DD871597E2}"
EndProject
Global
	GlobalSection(SolutionConfigurationPlatforms) = preSolution
		Debug|Any CPU = Debug|Any CPU
		Release|Any CPU = Release|Any CPU
	EndGlobalSection
	GlobalSection(ProjectConfigurationPlatforms) = postSolution
		{A93FA662-512B-4700-BF91-A1D1CC2F79D5}.Debug|Any CPU.ActiveCfg = Debug|Any CPU
		{A93FA662-512B-4700-BF91-A1D1CC2F79D5}.Debug|Any CPU.Build.0 = Debug|Any CPU
		{A93FA662-512B-4700-BF91-A1D1CC2F79D5}.Release|Any CPU.ActiveCfg = Release|Any CPU
		{A93FA662-512B-4700-BF91-A1D1CC2F79D5}.Release|Any CPU.Build.0 = Release|Any CPU
		{422E660F-1081-4B12-B469-D8DD871597E2}.Debug|Any CPU.ActiveCfg = Debug|Any CPU
		{422E660F-1081-4B12-B469-D8DD871597E2}.Debug|Any CPU.Build.0 = Debug|Any CPU
		{422E660F-1081-4B12-B469-D8DD871597E2}.Release|Any CPU.ActiveCfg = Release|Any CPU
		{422E660F-1081-4B12-B469-D8DD871597E2}.Release|Any CPU.Build.0 = Release|Any CPU
		{1F6D99F3-EFDF-4B59-93BA-25C41D8495C1}.Debug|Any CPU.ActiveCfg = Debug|Any CPU
		{1F6D99F3-EFDF-4B59-93BA-25C41D8495C1}.Debug|Any CPU.Build.0 = Debug|Any CPU
		{F1F88F80-01BA-4D22-8637-E5D99E2FF3AB}.Debug|Any CPU.ActiveCfg = Debug|Any CPU
		{F1F88F80-01BA-4D22-8637-E5D99E2FF3AB}.Debug|Any CPU.Build.0 = Debug|Any CPU
	EndGlobalSection
	GlobalSection(SolutionProperties) = preSolution
		HideSolutionNode = FALSE
	EndGlobalSection
	GlobalSection(ExtensibilityGlobals) = postSolution
		SolutionGuid = {CA1DD917-B938-4D54-AFD0-F42B242CF934}
	EndGlobalSection
EndGlobal
