
Microsoft Visual Studio Solution File, Format Version 12.00
Project("{FAE04EC0-301F-11D3-BF4B-00C04F79EFBC}") = "PSM", "PSM\PSM.csproj", "{F1F88F80-01BA-4D22-8637-E5D99E2FF3AB}"
EndProject
Global
	GlobalSection(SolutionConfigurationPlatforms) = preSolution
		Debug|Any CPU = Debug|Any CPU
		Release|Any CPU = Release|Any CPU
	EndGlobalSection
	GlobalSection(ProjectConfigurationPlatforms) = postSolution
		{F1F88F80-01BA-4D22-8637-E5D99E2FF3AB}.Debug|Any CPU.ActiveCfg = Debug|Any CPU
		{F1F88F80-01BA-4D22-8637-E5D99E2FF3AB}.Debug|Any CPU.Build.0 = Debug|Any CPU
		{F1F88F80-01BA-4D22-8637-E5D99E2FF3AB}.Release|Any CPU.ActiveCfg = Release|Any CPU
		{F1F88F80-01BA-4D22-8637-E5D99E2FF3AB}.Release|Any CPU.Build.0 = Release|Any CPU
	EndGlobalSection
EndGlobal
